hash: 0fa97b499cd624215de6567ff8675b5bedb7b26a0dabef99ac7d08aa68f60405
updated: 2017-06-06T18:04:17.876802617+09:00
imports:
- name: github.com/BurntSushi/toml
  version: b26d9c308763d68093482582cea63d69be07a0f0
- name: gopkg.in/asn1-ber.v1
  version: 379148ca0225df7a432012b8df0355c2a2063ac0
- name: gopkg.in/ldap.v2
  version: 8168ee085ee43257585e50c6441aadf54ecb2c9f
testImports: []
